
Microsoft Visual Studio Solution File, Format Version 12.00
# Visual Studio Version 17
VisualStudioVersion = 17.8.34511.84
MinimumVisualStudioVersion = 10.0.40219.1
Project("{FAE04EC0-301F-11D3-BF4B-00C04F79EFBC}") = "ChangeProductionStatus", "ChangeProductionStatus\ChangeProductionStatus.csproj", "{C36243A3-9E30-4136-ACD8-4D5BFB1CFEB2}"
EndProject
Global
	GlobalSection(SolutionConfigurationPlatforms) = preSolution
		Debug|Any CPU = Debug|Any CPU
		Release|Any CPU = Release|Any CPU
	EndGlobalSection
	GlobalSection(ProjectConfigurationPlatforms) = postSolution
		{C36243A3-9E30-4136-ACD8-4D5BFB1CFEB2}.Debug|Any CPU.ActiveCfg = Debug|Any CPU
		{C36243A3-9E30-4136-ACD8-4D5BFB1CFEB2}.Debug|Any CPU.Build.0 = Debug|Any CPU
		{C36243A3-9E30-4136-ACD8-4D5BFB1CFEB2}.Release|Any CPU.ActiveCfg = Release|Any CPU
		{C36243A3-9E30-4136-ACD8-4D5BFB1CFEB2}.Release|Any CPU.Build.0 = Release|Any CPU
	EndGlobalSection
	GlobalSection(SolutionProperties) = preSolution
		HideSolutionNode = FALSE
	EndGlobalSection
	GlobalSection(ExtensibilityGlobals) = postSolution
		SolutionGuid = {552DF1EF-5BD9-444C-854B-B526047083C6}
	EndGlobalSection
EndGlobal
